
Microsoft Visual Studio Solution File, Format Version 12.00
# Visual Studio Version 17
VisualStudioVersion = 17.10.34928.147
MinimumVisualStudioVersion = 10.0.40219.1
Project("{FAE04EC0-301F-11D3-BF4B-00C04F79EFBC}") = "Leave", "Leave.csproj", "{FFBF3FC8-B790-40C8-90AB-EE9F54C839CB}"
EndProject
Global
	GlobalSection(SolutionConfigurationPlatforms) = preSolution
		Debug|Any CPU = Debug|Any CPU
		Release|Any CPU = Release|Any CPU
	EndGlobalSection
	GlobalSection(ProjectConfigurationPlatforms) = postSolution
		{FFBF3FC8-B790-40C8-90AB-EE9F54C839CB}.Debug|Any CPU.ActiveCfg = Debug|Any CPU
		{FFBF3FC8-B790-40C8-90AB-EE9F54C839CB}.Debug|Any CPU.Build.0 = Debug|Any CPU
		{FFBF3FC8-B790-40C8-90AB-EE9F54C839CB}.Release|Any CPU.ActiveCfg = Release|Any CPU
		{FFBF3FC8-B790-40C8-90AB-EE9F54C839CB}.Release|Any CPU.Build.0 = Release|Any CPU
	EndGlobalSection
	GlobalSection(SolutionProperties) = preSolution
		HideSolutionNode = FALSE
	EndGlobalSection
	GlobalSection(ExtensibilityGlobals) = postSolution
		SolutionGuid = {F8E9E5DC-80F8-4E72-8E42-4FD6CABC2D0C}
	EndGlobalSection
EndGlobal
